# This file was autogenerated by Stack.
# You should not edit this file by hand.
# For more information, please see the documentation at:
#   https://docs.haskellstack.org/en/stable/lock_files

packages:
- completed:
    hackage: tasty-autocollect-0.2.0.0@sha256:8942e88aa209b3ae71a949013b131b6f64eef159adcd0f3bad9fb5719fea4d5b,4435
    pantry-tree:
      size: 3470
      sha256: fd319076f132f4095f8ef403675ccd823e21bd6ec460c764420039fea11339b8
  original:
    hackage: tasty-autocollect-0.2.0.0
- completed:
    hackage: toml-reader-0.1.0.0@sha256:66e2b4261739559e6d1be50391af7038610c3898bc748ce7985c4e4037b623ea,3559
    pantry-tree:
      size: 2411
      sha256: 8f4be57eedd319a0af20c0f001fda8124164ae4623627127cee591c0412bca6b
  original:
    hackage: toml-reader-0.1.0.0
snapshots:
- completed:
    size: 619163
    url: https://raw.githubusercontent.com/commercialhaskell/stackage-snapshots/master/lts/19/16.yaml
    sha256: a27a5761890ade44d7dd21a5f5f93c87e60b9c063655fff835d69dd1071474f0
  original: lts-19.16
